
Microsoft Visual Studio Solution File, Format Version 12.00
# Visual Studio Version 17
VisualStudioVersion = 17.13.35828.75 d17.13
MinimumVisualStudioVersion = 10.0.40219.1
Project("{FAE04EC0-301F-11D3-BF4B-00C04F79EFBC}") = "Kalidocode_Kata1", "Kalidocode_Kata1.csproj", "{D4333759-D6DB-4137-B574-D448039AB015}"
EndProject
Project("{FAE04EC0-301F-11D3-BF4B-00C04F79EFBC}") = "CalculatorTest", "..\CalculatorTest\CalculatorTest.csproj", "{4E94DAAB-C04B-43B3-A54E-685FE5D87208}"
EndProject
Global
	GlobalSection(SolutionConfigurationPlatforms) = preSolution
		Debug|Any CPU = Debug|Any CPU
		Release|Any CPU = Release|Any CPU
	EndGlobalSection
	GlobalSection(ProjectConfigurationPlatforms) = postSolution
		{D4333759-D6DB-4137-B574-D448039AB015}.Debug|Any CPU.ActiveCfg = Debug|Any CPU
		{D4333759-D6DB-4137-B574-D448039AB015}.Debug|Any CPU.Build.0 = Debug|Any CPU
		{D4333759-D6DB-4137-B574-D448039AB015}.Release|Any CPU.ActiveCfg = Release|Any CPU
		{D4333759-D6DB-4137-B574-D448039AB015}.Release|Any CPU.Build.0 = Release|Any CPU
		{4E94DAAB-C04B-43B3-A54E-685FE5D87208}.Debug|Any CPU.ActiveCfg = Debug|Any CPU
		{4E94DAAB-C04B-43B3-A54E-685FE5D87208}.Debug|Any CPU.Build.0 = Debug|Any CPU
		{4E94DAAB-C04B-43B3-A54E-685FE5D87208}.Release|Any CPU.ActiveCfg = Release|Any CPU
		{4E94DAAB-C04B-43B3-A54E-685FE5D87208}.Release|Any CPU.Build.0 = Release|Any CPU
	EndGlobalSection
	GlobalSection(SolutionProperties) = preSolution
		HideSolutionNode = FALSE
	EndGlobalSection
	GlobalSection(ExtensibilityGlobals) = postSolution
		SolutionGuid = {17C3D8FD-2C41-4135-A261-5553C5CB83A6}
	EndGlobalSection
EndGlobal
