
Microsoft Visual Studio Solution File, Format Version 12.00
# Visual Studio Version 17
VisualStudioVersion = 17.13.35828.75 d17.13
MinimumVisualStudioVersion = 10.0.40219.1
Project("{FAE04EC0-301F-11D3-BF4B-00C04F79EFBC}") = "Kalidocode_Kata1", "Kalidocode_Kata1.csproj", "{53A97989-708C-4939-A0F0-44D3BF70C4F4}"
EndProject
Project("{FAE04EC0-301F-11D3-BF4B-00C04F79EFBC}") = "CalculatorTest", "..\CalculatorTest\CalculatorTest.csproj", "{FDB6ECAA-B07D-4E2C-A1DF-12883F0CBDBC}"
EndProject
Global
	GlobalSection(SolutionConfigurationPlatforms) = preSolution
		Debug|Any CPU = Debug|Any CPU
		Release|Any CPU = Release|Any CPU
	EndGlobalSection
	GlobalSection(ProjectConfigurationPlatforms) = postSolution
		{53A97989-708C-4939-A0F0-44D3BF70C4F4}.Debug|Any CPU.ActiveCfg = Debug|Any CPU
		{53A97989-708C-4939-A0F0-44D3BF70C4F4}.Debug|Any CPU.Build.0 = Debug|Any CPU
		{53A97989-708C-4939-A0F0-44D3BF70C4F4}.Release|Any CPU.ActiveCfg = Release|Any CPU
		{53A97989-708C-4939-A0F0-44D3BF70C4F4}.Release|Any CPU.Build.0 = Release|Any CPU
		{FDB6ECAA-B07D-4E2C-A1DF-12883F0CBDBC}.Debug|Any CPU.ActiveCfg = Debug|Any CPU
		{FDB6ECAA-B07D-4E2C-A1DF-12883F0CBDBC}.Debug|Any CPU.Build.0 = Debug|Any CPU
		{FDB6ECAA-B07D-4E2C-A1DF-12883F0CBDBC}.Release|Any CPU.ActiveCfg = Release|Any CPU
		{FDB6ECAA-B07D-4E2C-A1DF-12883F0CBDBC}.Release|Any CPU.Build.0 = Release|Any CPU
	EndGlobalSection
	GlobalSection(SolutionProperties) = preSolution
		HideSolutionNode = FALSE
	EndGlobalSection
	GlobalSection(ExtensibilityGlobals) = postSolution
		SolutionGuid = {7B9A3B99-D9BF-49E0-B41E-8A03A4F275A7}
	EndGlobalSection
EndGlobal
